// !$*UTF8*$!
{
	archiveVersion = 1;
	classes = {
	};
	objectVersion = 55;
	objects = {

/* Begin PBXBuildFile section */
		D3230EEB29555A2D0027024C /* AppDelegate.swift in Sources */ = {isa = PBXBuildFile; fileRef = D3230EEA29555A2D0027024C /* AppDelegate.swift */; };
		D3230EED29555A2D0027024C /* SceneDelegate.swift in Sources */ = {isa = PBXBuildFile; fileRef = D3230EEC29555A2D0027024C /* SceneDelegate.swift */; };
		D3230EEF29555A2D0027024C /* ViewController.swift in Sources */ = {isa = PBXBuildFile; fileRef = D3230EEE29555A2D0027024C /* ViewController.swift */; };
		D3230EF229555A2D0027024C /* Main.storyboard in Resources */ = {isa = PBXBuildFile; fileRef = D3230EF029555A2D0027024C /* Main.storyboard */; };
		D3230EF529555A2D0027024C /* atributetsAndMethodsOfThem__TextField.xcdatamodeld in Sources */ = {isa = PBXBuildFile; fileRef = D3230EF329555A2D0027024C /* atributetsAndMethodsOfThem__TextField.xcdatamodeld */; };
		D3230EF729555A2E0027024C /* Assets.xcassets in Resources */ = {isa = PBXBuildFile; fileRef = D3230EF629555A2E0027024C /* Assets.xcassets */; };
		D3230EFA29555A2E0027024C /* LaunchScreen.storyboard in Resources */ = {isa = PBXBuildFile; fileRef = D3230EF829555A2E0027024C /* LaunchScreen.storyboard */; };
/* End PBXBuildFile section */

/* Begin PBXFileReference section */
		D3230EE729555A2D0027024C /* atributetsAndMethodsOfThem__TextField.app */ = {isa = PBXFileReference; explicitFileType = wrapper.application; includeInIndex = 0; path = atributetsAndMethodsOfThem__TextField.app; sourceTree = BUILT_PRODUCTS_DIR; };
		D3230EEA29555A2D0027024C /* AppDelegate.swift */ = {isa = PBXFileReference; lastKnownFileType = sourcecode.swift; path = AppDelegate.swift; sourceTree = "<group>"; };
		D3230EEC29555A2D0027024C /* SceneDelegate.swift */ = {isa = PBXFileReference; lastKnownFileType = sourcecode.swift; path = SceneDelegate.swift; sourceTree = "<group>"; };
		D3230EEE29555A2D0027024C /* ViewController.swift */ = {isa = PBXFileReference; lastKnownFileType = sourcecode.swift; path = ViewController.swift; sourceTree = "<group>"; };
		D3230EF129555A2D0027024C /* Base */ = {isa = PBXFileReference; lastKnownFileType = file.storyboard; name = Base; path = Base.lproj/Main.storyboard; sourceTree = "<group>"; };
		D3230EF429555A2D0027024C /* atributetsAndMethodsOfThem__TextField.xcdatamodel */ = {isa = PBXFileReference; lastKnownFileType = wrapper.xcdatamodel; path = atributetsAndMethodsOfThem__TextField.xcdatamodel; sourceTree = "<group>"; };
		D3230EF629555A2E0027024C /* Assets.xcassets */ = {isa = PBXFileReference; lastKnownFileType = folder.assetcatalog; path = Assets.xcassets; sourceTree = "<group>"; };
		D3230EF929555A2E0027024C /* Base */ = {isa = PBXFileReference; lastKnownFileType = file.storyboard; name = Base; path = Base.lproj/LaunchScreen.storyboard; sourceTree = "<group>"; };
		D3230EFB29555A2E0027024C /* Info.plist */ = {isa = PBXFileReference; lastKnownFileType = text.plist.xml; path = Info.plist; sourceTree = "<group>"; };
/* End PBXFileReference section */

/* Begin PBXFrameworksBuildPhase section */
		D3230EE429555A2D0027024C /* Frameworks */ = {
			isa = PBXFrameworksBuildPhase;
			buildActionMask = 2147483647;
			files = (
			);
			runOnlyForDeploymentPostprocessing = 0;
		};
/* End PBXFrameworksBuildPhase section */

/* Begin PBXGroup section */
		D3230EDE29555A2D0027024C = {
			isa = PBXGroup;
			children = (
				D3230EE929555A2D0027024C /* atributetsAndMethodsOfThem__TextField */,
				D3230EE829555A2D0027024C /* Products */,
			);
			sourceTree = "<group>";
		};
		D3230EE829555A2D0027024C /* Products */ = {
			isa = PBXGroup;
			children = (
				D3230EE729555A2D0027024C /* atributetsAndMethodsOfThem__TextField.app */,
			);
			name = Products;
			sourceTree = "<group>";
		};
		D3230EE929555A2D0027024C /* atributetsAndMethodsOfThem__TextField */ = {
			isa = PBXGroup;
			children = (
				D3230EEA29555A2D0027024C /* AppDelegate.swift */,
				D3230EEC29555A2D0027024C /* SceneDelegate.swift */,
				D3230EEE29555A2D0027024C /* ViewController.swift */,
				D3230EF029555A2D0027024C /* Main.storyboard */,
				D3230EF629555A2E0027024C /* Assets.xcassets */,
				D3230EF829555A2E0027024C /* LaunchScreen.storyboard */,
				D3230EFB29555A2E0027024C /* Info.plist */,
				D3230EF329555A2D0027024C /* atributetsAndMethodsOfThem__TextField.xcdatamodeld */,
			);
			path = atributetsAndMethodsOfThem__TextField;
			sourceTree = "<group>";
		};
/* End PBXGroup section */

/* Begin PBXNativeTarget section */
		D3230EE629555A2D0027024C /* atributetsAndMethodsOfThem__TextField */ = {
			isa = PBXNativeTarget;
			buildConfigurationList = D3230EFE29555A2E0027024C /* Build configuration list for PBXNativeTarget "atributetsAndMethodsOfThem__TextField" */;
			buildPhases = (
				D3230EE329555A2D0027024C /* Sources */,
				D3230EE429555A2D0027024C /* Frameworks */,
				D3230EE529555A2D0027024C /* Resources */,
			);
			buildRules = (
			);
			dependencies = (
			);
			name = atributetsAndMethodsOfThem__TextField;
			productName = atributetsAndMethodsOfThem__TextField;
			productReference = D3230EE729555A2D0027024C /* atributetsAndMethodsOfThem__TextField.app */;
			productType = "com.apple.product-type.application";
		};
/* End PBXNativeTarget section */

/* Begin PBXProject section */
		D3230EDF29555A2D0027024C /* Project object */ = {
			isa = PBXProject;
			attributes = {
				BuildIndependentTargetsInParallel = 1;
				LastSwiftUpdateCheck = 1300;
				LastUpgradeCheck = 1300;
				TargetAttributes = {
					D3230EE629555A2D0027024C = {
						CreatedOnToolsVersion = 13.0;
					};
				};
			};
			buildConfigurationList = D3230EE229555A2D0027024C /* Build configuration list for PBXProject "atributetsAndMethodsOfThem__TextField" */;
			compatibilityVersion = "Xcode 13.0";
			developmentRegion = en;
			hasScannedForEncodings = 0;
			knownRegions = (
				en,
				Base,
			);
			mainGroup = D3230EDE29555A2D0027024C;
			productRefGroup = D3230EE829555A2D0027024C /* Products */;
			projectDirPath = "";
			projectRoot = "";
			targets = (
				D3230EE629555A2D0027024C /* atributetsAndMethodsOfThem__TextField */,
			);
		};
/* End PBXProject section */

/* Begin PBXResourcesBuildPhase section */
		D3230EE529555A2D0027024C /* Resources */ = {
			isa = PBXResourcesBuildPhase;
			buildActionMask = 2147483647;
			files = (
				D3230EFA29555A2E0027024C /* LaunchScreen.storyboard in Resources */,
				D3230EF729555A2E0027024C /* Assets.xcassets in Resources */,
				D3230EF229555A2D0027024C /* Main.storyboard in Resources */,
			);
			runOnlyForDeploymentPostprocessing = 0;
		};
/* End PBXResourcesBuildPhase section */

/* Begin PBXSourcesBuildPhase section */
		D3230EE329555A2D0027024C /* Sources */ = {
			isa = PBXSourcesBuildPhase;
			buildActionMask = 2147483647;
			files = (
				D3230EEF29555A2D0027024C /* ViewController.swift in Sources */,
				D3230EEB29555A2D0027024C /* AppDelegate.swift in Sources */,
				D3230EF529555A2D0027024C /* atributetsAndMethodsOfThem__TextField.xcdatamodeld in Sources */,
				D3230EED29555A2D0027024C /* SceneDelegate.swift in Sources */,
			);
			runOnlyForDeploymentPostprocessing = 0;
		};
/* End PBXSourcesBuildPhase section */

/* Begin PBXVariantGroup section */
		D3230EF029555A2D0027024C /* Main.storyboard */ = {
			isa = PBXVariantGroup;
			children = (
				D3230EF129555A2D0027024C /* Base */,
			);
			name = Main.storyboard;
			sourceTree = "<group>";
		};
		D3230EF829555A2E0027024C /* LaunchScreen.storyboard */ = {
			isa = PBXVariantGroup;
			children = (
				D3230EF929555A2E0027024C /* Base */,
			);
			name = LaunchScreen.storyboard;
			sourceTree = "<group>";
		};
/* End PBXVariantGroup section */

/* Begin XCBuildConfiguration section */
		D3230EFC29555A2E0027024C /* Debug */ = {
			isa = XCBuildConfiguration;
			buildSettings = {
				ALWAYS_SEARCH_USER_PATHS = NO;
				CLANG_ANALYZER_NONNULL = YES;
				CLANG_ANALYZER_NUMBER_OBJECT_CONVERSION = YES_AGGRESSIVE;
				CLANG_CXX_LANGUAGE_STANDARD = "gnu++17";
				CLANG_CXX_LIBRARY = "libc++";
				CLANG_ENABLE_MODULES = YES;
				CLANG_ENABLE_OBJC_ARC = YES;
				CLANG_ENABLE_OBJC_WEAK = YES;
				CLANG_WARN_BLOCK_CAPTURE_AUTORELEASING = YES;
				CLANG_WARN_BOOL_CONVERSION = YES;
				CLANG_WARN_COMMA = YES;
				CLANG_WARN_CONSTANT_CONVERSION = YES;
				CLANG_WARN_DEPRECATED_OBJC_IMPLEMENTATIONS = YES;
				CLANG_WARN_DIRECT_OBJC_ISA_USAGE = YES_ERROR;
				CLANG_WARN_DOCUMENTATION_COMMENTS = YES;
				CLANG_WARN_EMPTY_BODY = YES;
				CLANG_WARN_ENUM_CONVERSION = YES;
				CLANG_WARN_INFINITE_RECURSION = YES;
				CLANG_WARN_INT_CONVERSION = YES;
				CLANG_WARN_NON_LITERAL_NULL_CONVERSION = YES;
				CLANG_WARN_OBJC_IMPLICIT_RETAIN_SELF = YES;
				CLANG_WARN_OBJC_LITERAL_CONVERSION = YES;
				CLANG_WARN_OBJC_ROOT_CLASS = YES_ERROR;
				CLANG_WARN_QUOTED_INCLUDE_IN_FRAMEWORK_HEADER = YES;
				CLANG_WARN_RANGE_LOOP_ANALYSIS = YES;
				CLANG_WARN_STRICT_PROTOTYPES = YES;
				CLANG_WARN_SUSPICIOUS_MOVE = YES;
				CLANG_WARN_UNGUARDED_AVAILABILITY = YES_AGGRESSIVE;
				CLANG_WARN_UNREACHABLE_CODE = YES;
				CLANG_WARN__DUPLICATE_METHOD_MATCH = YES;
				COPY_PHASE_STRIP = NO;
				DEBUG_INFORMATION_FORMAT = dwarf;
				ENABLE_STRICT_OBJC_MSGSEND = YES;
				ENABLE_TESTABILITY = YES;
				GCC_C_LANGUAGE_STANDARD = gnu11;
				GCC_DYNAMIC_NO_PIC = NO;
				GCC_NO_COMMON_BLOCKS = YES;
				GCC_OPTIMIZATION_LEVEL = 0;
				GCC_PREPROCESSOR_DEFINITIONS = (
					"DEBUG=1",
					"$(inherited)",
				);
				GCC_WARN_64_TO_32_BIT_CONVERSION = YES;
				GCC_WARN_ABOUT_RETURN_TYPE = YES_ERROR;
				GCC_WARN_UNDECLARED_SELECTOR = YES;
				GCC_WARN_UNINITIALIZED_AUTOS = YES_AGGRESSIVE;
				GCC_WARN_UNUSED_FUNCTION = YES;
				GCC_WARN_UNUSED_VARIABLE = YES;
				IPHONEOS_DEPLOYMENT_TARGET = 15.0;
				MTL_ENABLE_DEBUG_INFO = INCLUDE_SOURCE;
				MTL_FAST_MATH = YES;
				ONLY_ACTIVE_ARCH = YES;
				SDKROOT = iphoneos;
				SWIFT_ACTIVE_COMPILATION_CONDITIONS = DEBUG;
				SWIFT_OPTIMIZATION_LEVEL = "-Onone";
			};
			name = Debug;
		};
		D3230EFD29555A2E0027024C /* Release */ = {
			isa = XCBuildConfiguration;
			buildSettings = {
				ALWAYS_SEARCH_USER_PATHS = NO;
				CLANG_ANALYZER_NONNULL = YES;
				CLANG_ANALYZER_NUMBER_OBJECT_CONVERSION = YES_AGGRESSIVE;
				CLANG_CXX_LANGUAGE_STANDARD = "gnu++17";
				CLANG_CXX_LIBRARY = "libc++";
				CLANG_ENABLE_MODULES = YES;
				CLANG_ENABLE_OBJC_ARC = YES;
				CLANG_ENABLE_OBJC_WEAK = YES;
				CLANG_WARN_BLOCK_CAPTURE_AUTORELEASING = YES;
				CLANG_WARN_BOOL_CONVERSION = YES;
				CLANG_WARN_COMMA = YES;
				CLANG_WARN_CONSTANT_CONVERSION = YES;
				CLANG_WARN_DEPRECATED_OBJC_IMPLEMENTATIONS = YES;
				CLANG_WARN_DIRECT_OBJC_ISA_USAGE = YES_ERROR;
				CLANG_WARN_DOCUMENTATION_COMMENTS = YES;
				CLANG_WARN_EMPTY_BODY = YES;
				CLANG_WARN_ENUM_CONVERSION = YES;
				CLANG_WARN_INFINITE_RECURSION = YES;
				CLANG_WARN_INT_CONVERSION = YES;
				CLANG_WARN_NON_LITERAL_NULL_CONVERSION = YES;
				CLANG_WARN_OBJC_IMPLICIT_RETAIN_SELF = YES;
				CLANG_WARN_OBJC_LITERAL_CONVERSION = YES;
				CLANG_WARN_OBJC_ROOT_CLASS = YES_ERROR;
				CLANG_WARN_QUOTED_INCLUDE_IN_FRAMEWORK_HEADER = YES;
				CLANG_WARN_RANGE_LOOP_ANALYSIS = YES;
				CLANG_WARN_STRICT_PROTOTYPES = YES;
				CLANG_WARN_SUSPICIOUS_MOVE = YES;
				CLANG_WARN_UNGUARDED_AVAILABILITY = YES_AGGRESSIVE;
				CLANG_WARN_UNREACHABLE_CODE = YES;
				CLANG_WARN__DUPLICATE_METHOD_MATCH = YES;
				COPY_PHASE_STRIP = NO;
				DEBUG_INFORMATION_FORMAT = "dwarf-with-dsym";
				ENABLE_NS_ASSERTIONS = NO;
				ENABLE_STRICT_OBJC_MSGSEND = YES;
				GCC_C_LANGUAGE_STANDARD = gnu11;
				GCC_NO_COMMON_BLOCKS = YES;
				GCC_WARN_64_TO_32_BIT_CONVERSION = YES;
				GCC_WARN_ABOUT_RETURN_TYPE = YES_ERROR;
				GCC_WARN_UNDECLARED_SELECTOR = YES;
				GCC_WARN_UNINITIALIZED_AUTOS = YES_AGGRESSIVE;
				GCC_WARN_UNUSED_FUNCTION = YES;
				GCC_WARN_UNUSED_VARIABLE = YES;
				IPHONEOS_DEPLOYMENT_TARGET = 15.0;
				MTL_ENABLE_DEBUG_INFO = NO;
				MTL_FAST_MATH = YES;
				SDKROOT = iphoneos;
				SWIFT_COMPILATION_MODE = wholemodule;
				SWIFT_OPTIMIZATION_LEVEL = "-O";
				VALIDATE_PRODUCT = YES;
			};
			name = Release;
		};
		D3230EFF29555A2E0027024C /* Debug */ = {
			isa = XCBuildConfiguration;
			buildSettings = {
				ASSETCATALOG_COMPILER_APPICON_NAME = AppIcon;
				ASSETCATALOG_COMPILER_GLOBAL_ACCENT_COLOR_NAME = AccentColor;
				CODE_SIGN_STYLE = Automatic;
				CURRENT_PROJECT_VERSION = 1;
				GENERATE_INFOPLIST_FILE = YES;
				INFOPLIST_FILE = atributetsAndMethodsOfThem__TextField/Info.plist;
				INFOPLIST_KEY_UIApplicationSupportsIndirectInputEvents = YES;
				INFOPLIST_KEY_UILaunchStoryboardName = LaunchScreen;
				INFOPLIST_KEY_UIMainStoryboardFile = Main;
				INFOPLIST_KEY_UISupportedInterfaceOrientations_iPad = "UIInterfaceOrientationPortrait UIInterfaceOrientationPortraitUpsideDown UIInterfaceOrientationLandscapeLeft UIInterfaceOrientationLandscapeRight";
				INFOPLIST_KEY_UISupportedInterfaceOrientations_iPhone = "UIInterfaceOrientationPortrait UIInterfaceOrientationLandscapeLeft UIInterfaceOrientationLandscapeRight";
				LD_RUNPATH_SEARCH_PATHS = (
					"$(inherited)",
					"@executable_path/Frameworks",
				);
				MARKETING_VERSION = 1.0;
				PRODUCT_BUNDLE_IDENTIFIER = "com.kaushik.atributetsAndMethodsOfThem--TextField";
				PRODUCT_NAME = "$(TARGET_NAME)";
				SWIFT_EMIT_LOC_STRINGS = YES;
				SWIFT_VERSION = 5.0;
				TARGETED_DEVICE_FAMILY = "1,2";
			};
			name = Debug;
		};
		D3230F0029555A2E0027024C /* Release */ = {
			isa = XCBuildConfiguration;
			buildSettings = {
				ASSETCATALOG_COMPILER_APPICON_NAME = AppIcon;
				ASSETCATALOG_COMPILER_GLOBAL_ACCENT_COLOR_NAME = AccentColor;
				CODE_SIGN_STYLE = Automatic;
				CURRENT_PROJECT_VERSION = 1;
				GENERATE_INFOPLIST_FILE = YES;
				INFOPLIST_FILE = atributetsAndMethodsOfThem__TextField/Info.plist;
				INFOPLIST_KEY_UIApplicationSupportsIndirectInputEvents = YES;
				INFOPLIST_KEY_UILaunchStoryboardName = LaunchScreen;
				INFOPLIST_KEY_UIMainStoryboardFile = Main;
				INFOPLIST_KEY_UISupportedInterfaceOrientations_iPad = "UIInterfaceOrientationPortrait UIInterfaceOrientationPortraitUpsideDown UIInterfaceOrientationLandscapeLeft UIInterfaceOrientationLandscapeRight";
				INFOPLIST_KEY_UISupportedInterfaceOrientations_iPhone = "UIInterfaceOrientationPortrait UIInterfaceOrientationLandscapeLeft UIInterfaceOrientationLandscapeRight";
				LD_RUNPATH_SEARCH_PATHS = (
					"$(inherited)",
					"@executable_path/Frameworks",
				);
				MARKETING_VERSION = 1.0;
				PRODUCT_BUNDLE_IDENTIFIER = "com.kaushik.atributetsAndMethodsOfThem--TextField";
				PRODUCT_NAME = "$(TARGET_NAME)";
				SWIFT_EMIT_LOC_STRINGS = YES;
				SWIFT_VERSION = 5.0;
				TARGETED_DEVICE_FAMILY = "1,2";
			};
			name = Release;
		};
/* End XCBuildConfiguration section */

/* Begin XCConfigurationList section */
		D3230EE229555A2D0027024C /* Build configuration list for PBXProject "atributetsAndMethodsOfThem__TextField" */ = {
			isa = XCConfigurationList;
			buildConfigurations = (
				D3230EFC29555A2E0027024C /* Debug */,
				D3230EFD29555A2E0027024C /* Release */,
			);
			defaultConfigurationIsVisible = 0;
			defaultConfigurationName = Release;
		};
		D3230EFE29555A2E0027024C /* Build configuration list for PBXNativeTarget "atributetsAndMethodsOfThem__TextField" */ = {
			isa = XCConfigurationList;
			buildConfigurations = (
				D3230EFF29555A2E0027024C /* Debug */,
				D3230F0029555A2E0027024C /* Release */,
			);
			defaultConfigurationIsVisible = 0;
			defaultConfigurationName = Release;
		};
/* End XCConfigurationList section */

/* Begin XCVersionGroup section */
		D3230EF329555A2D0027024C /* atributetsAndMethodsOfThem__TextField.xcdatamodeld */ = {
			isa = XCVersionGroup;
			children = (
				D3230EF429555A2D0027024C /* atributetsAndMethodsOfThem__TextField.xcdatamodel */,
			);
			currentVersion = D3230EF429555A2D0027024C /* atributetsAndMethodsOfThem__TextField.xcdatamodel */;
			path = atributetsAndMethodsOfThem__TextField.xcdatamodeld;
			sourceTree = "<group>";
			versionGroupType = wrapper.xcdatamodel;
		};
/* End XCVersionGroup section */
	};
	rootObject = D3230EDF29555A2D0027024C /* Project object */;
}
